Microsoft Visual Studio Solution File, Format Version 12.00
# Visual Studio Version 17
VisualStudioVersion = 17.5.2.0
MinimumVisualStudioVersion = 10.0.40219.1
Project("{FAE04EC0-301F-11D3-BF4B-00C04F79EFBC}") = "eTicketing.Api", "eTicketing.Api\eTicketing.Api.csproj", "{A24A6E37-EFC2-DBDE-A394-58D7FBEC23DD}"
EndProject
Project("{FAE04EC0-301F-11D3-BF4B-00C04F79EFBC}") = "eTicketing.EmailWorker", "eTicketing.EmailWorker\eTicketing.EmailWorker.csproj", "{DC81ADD4-0B7C-A83F-F8F9-994FE07E8E5F}"
EndProject
Project("{FAE04EC0-301F-11D3-BF4B-00C04F79EFBC}") = "eTicketing.Model", "eTicketing.Model\eTicketing.Model.csproj", "{E38A7B63-B5D4-1D98-C368-343AE16091D7}"
EndProject
Project("{FAE04EC0-301F-11D3-BF4B-00C04F79EFBC}") = "eTicketing.Services", "eTicketing.Services\eTicketing.Services.csproj", "{E0D9AFC5-496B-D8EB-F9B1-704F415B3479}"
EndProject
Global
	GlobalSection(SolutionConfigurationPlatforms) = preSolution
		Debug|Any CPU = Debug|Any CPU
		Release|Any CPU = Release|Any CPU
	EndGlobalSection
	GlobalSection(ProjectConfigurationPlatforms) = postSolution
		{A24A6E37-EFC2-DBDE-A394-58D7FBEC23DD}.Debug|Any CPU.ActiveCfg = Debug|Any CPU
		{A24A6E37-EFC2-DBDE-A394-58D7FBEC23DD}.Debug|Any CPU.Build.0 = Debug|Any CPU
		{A24A6E37-EFC2-DBDE-A394-58D7FBEC23DD}.Release|Any CPU.ActiveCfg = Release|Any CPU
		{A24A6E37-EFC2-DBDE-A394-58D7FBEC23DD}.Release|Any CPU.Build.0 = Release|Any CPU
		{DC81ADD4-0B7C-A83F-F8F9-994FE07E8E5F}.Debug|Any CPU.ActiveCfg = Debug|Any CPU
		{DC81ADD4-0B7C-A83F-F8F9-994FE07E8E5F}.Debug|Any CPU.Build.0 = Debug|Any CPU
		{DC81ADD4-0B7C-A83F-F8F9-994FE07E8E5F}.Release|Any CPU.ActiveCfg = Release|Any CPU
		{DC81ADD4-0B7C-A83F-F8F9-994FE07E8E5F}.Release|Any CPU.Build.0 = Release|Any CPU
		{E38A7B63-B5D4-1D98-C368-343AE16091D7}.Debug|Any CPU.ActiveCfg = Debug|Any CPU
		{E38A7B63-B5D4-1D98-C368-343AE16091D7}.Debug|Any CPU.Build.0 = Debug|Any CPU
		{E38A7B63-B5D4-1D98-C368-343AE16091D7}.Release|Any CPU.ActiveCfg = Release|Any CPU
		{E38A7B63-B5D4-1D98-C368-343AE16091D7}.Release|Any CPU.Build.0 = Release|Any CPU
		{E0D9AFC5-496B-D8EB-F9B1-704F415B3479}.Debug|Any CPU.ActiveCfg = Debug|Any CPU
		{E0D9AFC5-496B-D8EB-F9B1-704F415B3479}.Debug|Any CPU.Build.0 = Debug|Any CPU
		{E0D9AFC5-496B-D8EB-F9B1-704F415B3479}.Release|Any CPU.ActiveCfg = Release|Any CPU
		{E0D9AFC5-496B-D8EB-F9B1-704F415B3479}.Release|Any CPU.Build.0 = Release|Any CPU
	EndGlobalSection
	GlobalSection(SolutionProperties) = preSolution
		HideSolutionNode = FALSE
	EndGlobalSection
	GlobalSection(ExtensibilityGlobals) = postSolution
		SolutionGuid = {01CFE20B-450A-4BB1-9468-76B02F3C7FE7}
	EndGlobalSection
EndGlobal
