
Microsoft Visual Studio Solution File, Format Version 12.00
# Visual Studio Version 17
VisualStudioVersion = 17.0.31903.59
MinimumVisualStudioVersion = 10.0.40219.1
Project("{2150E333-8FDC-42A3-9474-1A3956D46DE8}") = "shared", "shared", "{4F52FD11-658E-A102-6CD3-7D7C16FFA15B}"
EndProject
Project("{FAE04EC0-301F-11D3-BF4B-00C04F79EFBC}") = "eTicketing.Contracts", "shared\eTicketing.Contracts\eTicketing.Contracts.csproj", "{AD650561-62AC-4AA9-8A05-2B421DE5DAFB}"
EndProject
Project("{2150E333-8FDC-42A3-9474-1A3956D46DE8}") = "gateway", "gateway", "{E7BDDBC6-9FD1-D1D7-ACD8-2C4F8E3D2461}"
EndProject
Project("{FAE04EC0-301F-11D3-BF4B-00C04F79EFBC}") = "eTicketing.Gateway", "gateway\eTicketing.Gateway\eTicketing.Gateway.csproj", "{67B13290-14BF-4D6D-ABCB-8719D5B19E5C}"
EndProject
Project("{2150E333-8FDC-42A3-9474-1A3956D46DE8}") = "services", "services", "{5854FF58-B8C5-05C6-5BF2-ACE42193F22B}"
EndProject
Project("{2150E333-8FDC-42A3-9474-1A3956D46DE8}") = "identity", "identity", "{357A7C97-5AE1-023F-1442-0D9F9AF22A31}"
EndProject
Project("{FAE04EC0-301F-11D3-BF4B-00C04F79EFBC}") = "eTicketing.Identity.Data", "services\identity\eTicketing.Identity.Data\eTicketing.Identity.Data.csproj", "{927A32F1-4067-45E3-BB57-754761F4DA0C}"
EndProject
Project("{FAE04EC0-301F-11D3-BF4B-00C04F79EFBC}") = "eTicketing.Identity.Business", "services\identity\eTicketing.Identity.Business\eTicketing.Identity.Business.csproj", "{83F000AF-9676-41EA-9DBA-DC028D398E75}"
EndProject
Project("{FAE04EC0-301F-11D3-BF4B-00C04F79EFBC}") = "eTicketing.Identity.Api", "services\identity\eTicketing.Identity.Api\eTicketing.Identity.Api.csproj", "{03A89138-AD6C-4BC0-A52D-0A51E40AAAB7}"
EndProject
Project("{2150E333-8FDC-42A3-9474-1A3956D46DE8}") = "catalog", "catalog", "{944ACC7E-4FFC-A2A2-09E1-98A62C66F8DB}"
EndProject
Project("{FAE04EC0-301F-11D3-BF4B-00C04F79EFBC}") = "eTicketing.Catalog.Data", "services\catalog\eTicketing.Catalog.Data\eTicketing.Catalog.Data.csproj", "{8D47D7FB-9A6E-4BEC-99B0-1EC39C485AE1}"
EndProject
Project("{FAE04EC0-301F-11D3-BF4B-00C04F79EFBC}") = "eTicketing.Catalog.Business", "services\catalog\eTicketing.Catalog.Business\eTicketing.Catalog.Business.csproj", "{03A98BF0-BEC8-4426-A68D-65F7556123DE}"
EndProject
Project("{FAE04EC0-301F-11D3-BF4B-00C04F79EFBC}") = "eTicketing.Catalog.Api", "services\catalog\eTicketing.Catalog.Api\eTicketing.Catalog.Api.csproj", "{8069465B-B4C8-4BF6-8E62-727092436482}"
EndProject
Project("{2150E333-8FDC-42A3-9474-1A3956D46DE8}") = "ticketing", "ticketing", "{0081C3F1-621F-F4E6-8632-0AA1DA258655}"
EndProject
Project("{FAE04EC0-301F-11D3-BF4B-00C04F79EFBC}") = "eTicketing.Ticketing.Data", "services\ticketing\eTicketing.Ticketing.Data\eTicketing.Ticketing.Data.csproj", "{D4E21924-F8BE-4055-90E9-9E83A02AAF01}"
EndProject
Project("{FAE04EC0-301F-11D3-BF4B-00C04F79EFBC}") = "eTicketing.Ticketing.Business", "services\ticketing\eTicketing.Ticketing.Business\eTicketing.Ticketing.Business.csproj", "{F8B160F2-FB9F-48F1-A059-ACD3D5F83157}"
EndProject
Project("{FAE04EC0-301F-11D3-BF4B-00C04F79EFBC}") = "eTicketing.Ticketing.Api", "services\ticketing\eTicketing.Ticketing.Api\eTicketing.Ticketing.Api.csproj", "{5E494A8C-D8C0-4BF0-A8D9-1F3C202E955B}"
EndProject
Project("{2150E333-8FDC-42A3-9474-1A3956D46DE8}") = "payment", "payment", "{714CC2AF-245C-D6B1-E117-A1157E62AF44}"
EndProject
Project("{FAE04EC0-301F-11D3-BF4B-00C04F79EFBC}") = "eTicketing.Payment.Data", "services\payment\eTicketing.Payment.Data\eTicketing.Payment.Data.csproj", "{BF7EDC73-7B26-4350-BEB2-3EDEF1052A72}"
EndProject
Project("{FAE04EC0-301F-11D3-BF4B-00C04F79EFBC}") = "eTicketing.Payment.Business", "services\payment\eTicketing.Payment.Business\eTicketing.Payment.Business.csproj", "{E9A149FC-5D1A-46E6-AE5D-28650AB1B3D2}"
EndProject
Project("{FAE04EC0-301F-11D3-BF4B-00C04F79EFBC}") = "eTicketing.Payment.Api", "services\payment\eTicketing.Payment.Api\eTicketing.Payment.Api.csproj", "{1B47B58B-43C6-407C-83D9-5CAC17C9D1AC}"
EndProject
Project("{2150E333-8FDC-42A3-9474-1A3956D46DE8}") = "notifications", "notifications", "{EDF976B3-B1D5-9C5C-314D-F965FB2448D0}"
EndProject
Project("{FAE04EC0-301F-11D3-BF4B-00C04F79EFBC}") = "eTicketing.Notifications", "services\notifications\eTicketing.Notifications\eTicketing.Notifications.csproj", "{4D6CFEDB-5E00-410D-B9F2-199D7A98F19A}"
EndProject
Project("{2150E333-8FDC-42A3-9474-1A3956D46DE8}") = "pdfgeneration", "pdfgeneration", "{C4794DE3-98CA-3876-D0DB-BBB1AAFCC8EF}"
EndProject
Project("{FAE04EC0-301F-11D3-BF4B-00C04F79EFBC}") = "eTicketing.PdfGeneration", "services\pdfgeneration\eTicketing.PdfGeneration\eTicketing.PdfGeneration.csproj", "{1E7F51E0-1AF8-446D-9A2A-410744680240}"
EndProject
Project("{FAE04EC0-301F-11D3-BF4B-00C04F79EFBC}") = "eTicketing.Shared.Auth", "shared\eTicketing.Shared.Auth\eTicketing.Shared.Auth.csproj", "{DE6A1EA7-8204-45E9-A061-024FCEA3A40A}"
EndProject
Project("{2150E333-8FDC-42A3-9474-1A3956D46DE8}") = "tests", "tests", "{0AB3BF05-4346-4AA6-1389-037BE0695223}"
EndProject
Project("{FAE04EC0-301F-11D3-BF4B-00C04F79EFBC}") = "eTicketing.Contracts.Tests", "tests\eTicketing.Contracts.Tests\eTicketing.Contracts.Tests.csproj", "{298E4E69-1D14-4D37-993F-4CAA4407ADB2}"
EndProject
Project("{FAE04EC0-301F-11D3-BF4B-00C04F79EFBC}") = "eTicketing.Identity.Business.Tests", "tests\eTicketing.Identity.Business.Tests\eTicketing.Identity.Business.Tests.csproj", "{7AA446EF-D8AB-4CB6-A338-9634E40D2BF4}"
EndProject
Project("{FAE04EC0-301F-11D3-BF4B-00C04F79EFBC}") = "eTicketing.Catalog.Business.Tests", "tests\eTicketing.Catalog.Business.Tests\eTicketing.Catalog.Business.Tests.csproj", "{F1B75FC2-CAE2-4C03-B991-67166D7AD63C}"
EndProject
Project("{FAE04EC0-301F-11D3-BF4B-00C04F79EFBC}") = "eTicketing.Shared.Storage", "shared\eTicketing.Shared.Storage\eTicketing.Shared.Storage.csproj", "{4804AAA6-59D7-43CE-B89F-02A51780BBF3}"
EndProject
Global
	GlobalSection(SolutionConfigurationPlatforms) = preSolution
		Debug|Any CPU = Debug|Any CPU
		Debug|x64 = Debug|x64
		Debug|x86 = Debug|x86
		Release|Any CPU = Release|Any CPU
		Release|x64 = Release|x64
		Release|x86 = Release|x86
	EndGlobalSection
	GlobalSection(ProjectConfigurationPlatforms) = postSolution
		{AD650561-62AC-4AA9-8A05-2B421DE5DAFB}.Debug|Any CPU.ActiveCfg = Debug|Any CPU
		{AD650561-62AC-4AA9-8A05-2B421DE5DAFB}.Debug|Any CPU.Build.0 = Debug|Any CPU
		{AD650561-62AC-4AA9-8A05-2B421DE5DAFB}.Debug|x64.ActiveCfg = Debug|Any CPU
		{AD650561-62AC-4AA9-8A05-2B421DE5DAFB}.Debug|x64.Build.0 = Debug|Any CPU
		{AD650561-62AC-4AA9-8A05-2B421DE5DAFB}.Debug|x86.ActiveCfg = Debug|Any CPU
		{AD650561-62AC-4AA9-8A05-2B421DE5DAFB}.Debug|x86.Build.0 = Debug|Any CPU
		{AD650561-62AC-4AA9-8A05-2B421DE5DAFB}.Release|Any CPU.ActiveCfg = Release|Any CPU
		{AD650561-62AC-4AA9-8A05-2B421DE5DAFB}.Release|Any CPU.Build.0 = Release|Any CPU
		{AD650561-62AC-4AA9-8A05-2B421DE5DAFB}.Release|x64.ActiveCfg = Release|Any CPU
		{AD650561-62AC-4AA9-8A05-2B421DE5DAFB}.Release|x64.Build.0 = Release|Any CPU
		{AD650561-62AC-4AA9-8A05-2B421DE5DAFB}.Release|x86.ActiveCfg = Release|Any CPU
		{AD650561-62AC-4AA9-8A05-2B421DE5DAFB}.Release|x86.Build.0 = Release|Any CPU
		{67B13290-14BF-4D6D-ABCB-8719D5B19E5C}.Debug|Any CPU.ActiveCfg = Debug|Any CPU
		{67B13290-14BF-4D6D-ABCB-8719D5B19E5C}.Debug|Any CPU.Build.0 = Debug|Any CPU
		{67B13290-14BF-4D6D-ABCB-8719D5B19E5C}.Debug|x64.ActiveCfg = Debug|Any CPU
		{67B13290-14BF-4D6D-ABCB-8719D5B19E5C}.Debug|x64.Build.0 = Debug|Any CPU
		{67B13290-14BF-4D6D-ABCB-8719D5B19E5C}.Debug|x86.ActiveCfg = Debug|Any CPU
		{67B13290-14BF-4D6D-ABCB-8719D5B19E5C}.Debug|x86.Build.0 = Debug|Any CPU
		{67B13290-14BF-4D6D-ABCB-8719D5B19E5C}.Release|Any CPU.ActiveCfg = Release|Any CPU
		{67B13290-14BF-4D6D-ABCB-8719D5B19E5C}.Release|Any CPU.Build.0 = Release|Any CPU
		{67B13290-14BF-4D6D-ABCB-8719D5B19E5C}.Release|x64.ActiveCfg = Release|Any CPU
		{67B13290-14BF-4D6D-ABCB-8719D5B19E5C}.Release|x64.Build.0 = Release|Any CPU
		{67B13290-14BF-4D6D-ABCB-8719D5B19E5C}.Release|x86.ActiveCfg = Release|Any CPU
		{67B13290-14BF-4D6D-ABCB-8719D5B19E5C}.Release|x86.Build.0 = Release|Any CPU
		{927A32F1-4067-45E3-BB57-754761F4DA0C}.Debug|Any CPU.ActiveCfg = Debug|Any CPU
		{927A32F1-4067-45E3-BB57-754761F4DA0C}.Debug|Any CPU.Build.0 = Debug|Any CPU
		{927A32F1-4067-45E3-BB57-754761F4DA0C}.Debug|x64.ActiveCfg = Debug|Any CPU
		{927A32F1-4067-45E3-BB57-754761F4DA0C}.Debug|x64.Build.0 = Debug|Any CPU
		{927A32F1-4067-45E3-BB57-754761F4DA0C}.Debug|x86.ActiveCfg = Debug|Any CPU
		{927A32F1-4067-45E3-BB57-754761F4DA0C}.Debug|x86.Build.0 = Debug|Any CPU
		{927A32F1-4067-45E3-BB57-754761F4DA0C}.Release|Any CPU.ActiveCfg = Release|Any CPU
		{927A32F1-4067-45E3-BB57-754761F4DA0C}.Release|Any CPU.Build.0 = Release|Any CPU
		{927A32F1-4067-45E3-BB57-754761F4DA0C}.Release|x64.ActiveCfg = Release|Any CPU
		{927A32F1-4067-45E3-BB57-754761F4DA0C}.Release|x64.Build.0 = Release|Any CPU
		{927A32F1-4067-45E3-BB57-754761F4DA0C}.Release|x86.ActiveCfg = Release|Any CPU
		{927A32F1-4067-45E3-BB57-754761F4DA0C}.Release|x86.Build.0 = Release|Any CPU
		{83F000AF-9676-41EA-9DBA-DC028D398E75}.Debug|Any CPU.ActiveCfg = Debug|Any CPU
		{83F000AF-9676-41EA-9DBA-DC028D398E75}.Debug|Any CPU.Build.0 = Debug|Any CPU
		{83F000AF-9676-41EA-9DBA-DC028D398E75}.Debug|x64.ActiveCfg = Debug|Any CPU
		{83F000AF-9676-41EA-9DBA-DC028D398E75}.Debug|x64.Build.0 = Debug|Any CPU
		{83F000AF-9676-41EA-9DBA-DC028D398E75}.Debug|x86.ActiveCfg = Debug|Any CPU
		{83F000AF-9676-41EA-9DBA-DC028D398E75}.Debug|x86.Build.0 = Debug|Any CPU
		{83F000AF-9676-41EA-9DBA-DC028D398E75}.Release|Any CPU.ActiveCfg = Release|Any CPU
		{83F000AF-9676-41EA-9DBA-DC028D398E75}.Release|Any CPU.Build.0 = Release|Any CPU
		{83F000AF-9676-41EA-9DBA-DC028D398E75}.Release|x64.ActiveCfg = Release|Any CPU
		{83F000AF-9676-41EA-9DBA-DC028D398E75}.Release|x64.Build.0 = Release|Any CPU
		{83F000AF-9676-41EA-9DBA-DC028D398E75}.Release|x86.ActiveCfg = Release|Any CPU
		{83F000AF-9676-41EA-9DBA-DC028D398E75}.Release|x86.Build.0 = Release|Any CPU
		{03A89138-AD6C-4BC0-A52D-0A51E40AAAB7}.Debug|Any CPU.ActiveCfg = Debug|Any CPU
		{03A89138-AD6C-4BC0-A52D-0A51E40AAAB7}.Debug|Any CPU.Build.0 = Debug|Any CPU
		{03A89138-AD6C-4BC0-A52D-0A51E40AAAB7}.Debug|x64.ActiveCfg = Debug|Any CPU
		{03A89138-AD6C-4BC0-A52D-0A51E40AAAB7}.Debug|x64.Build.0 = Debug|Any CPU
		{03A89138-AD6C-4BC0-A52D-0A51E40AAAB7}.Debug|x86.ActiveCfg = Debug|Any CPU
		{03A89138-AD6C-4BC0-A52D-0A51E40AAAB7}.Debug|x86.Build.0 = Debug|Any CPU
		{03A89138-AD6C-4BC0-A52D-0A51E40AAAB7}.Release|Any CPU.ActiveCfg = Release|Any CPU
		{03A89138-AD6C-4BC0-A52D-0A51E40AAAB7}.Release|Any CPU.Build.0 = Release|Any CPU
		{03A89138-AD6C-4BC0-A52D-0A51E40AAAB7}.Release|x64.ActiveCfg = Release|Any CPU
		{03A89138-AD6C-4BC0-A52D-0A51E40AAAB7}.Release|x64.Build.0 = Release|Any CPU
		{03A89138-AD6C-4BC0-A52D-0A51E40AAAB7}.Release|x86.ActiveCfg = Release|Any CPU
		{03A89138-AD6C-4BC0-A52D-0A51E40AAAB7}.Release|x86.Build.0 = Release|Any CPU
		{8D47D7FB-9A6E-4BEC-99B0-1EC39C485AE1}.Debug|Any CPU.ActiveCfg = Debug|Any CPU
		{8D47D7FB-9A6E-4BEC-99B0-1EC39C485AE1}.Debug|Any CPU.Build.0 = Debug|Any CPU
		{8D47D7FB-9A6E-4BEC-99B0-1EC39C485AE1}.Debug|x64.ActiveCfg = Debug|Any CPU
		{8D47D7FB-9A6E-4BEC-99B0-1EC39C485AE1}.Debug|x64.Build.0 = Debug|Any CPU
		{8D47D7FB-9A6E-4BEC-99B0-1EC39C485AE1}.Debug|x86.ActiveCfg = Debug|Any CPU
		{8D47D7FB-9A6E-4BEC-99B0-1EC39C485AE1}.Debug|x86.Build.0 = Debug|Any CPU
		{8D47D7FB-9A6E-4BEC-99B0-1EC39C485AE1}.Release|Any CPU.ActiveCfg = Release|Any CPU
		{8D47D7FB-9A6E-4BEC-99B0-1EC39C485AE1}.Release|Any CPU.Build.0 = Release|Any CPU
		{8D47D7FB-9A6E-4BEC-99B0-1EC39C485AE1}.Release|x64.ActiveCfg = Release|Any CPU
		{8D47D7FB-9A6E-4BEC-99B0-1EC39C485AE1}.Release|x64.Build.0 = Release|Any CPU
		{8D47D7FB-9A6E-4BEC-99B0-1EC39C485AE1}.Release|x86.ActiveCfg = Release|Any CPU
		{8D47D7FB-9A6E-4BEC-99B0-1EC39C485AE1}.Release|x86.Build.0 = Release|Any CPU
		{03A98BF0-BEC8-4426-A68D-65F7556123DE}.Debug|Any CPU.ActiveCfg = Debug|Any CPU
		{03A98BF0-BEC8-4426-A68D-65F7556123DE}.Debug|Any CPU.Build.0 = Debug|Any CPU
		{03A98BF0-BEC8-4426-A68D-65F7556123DE}.Debug|x64.ActiveCfg = Debug|Any CPU
		{03A98BF0-BEC8-4426-A68D-65F7556123DE}.Debug|x64.Build.0 = Debug|Any CPU
		{03A98BF0-BEC8-4426-A68D-65F7556123DE}.Debug|x86.ActiveCfg = Debug|Any CPU
		{03A98BF0-BEC8-4426-A68D-65F7556123DE}.Debug|x86.Build.0 = Debug|Any CPU
		{03A98BF0-BEC8-4426-A68D-65F7556123DE}.Release|Any CPU.ActiveCfg = Release|Any CPU
		{03A98BF0-BEC8-4426-A68D-65F7556123DE}.Release|Any CPU.Build.0 = Release|Any CPU
		{03A98BF0-BEC8-4426-A68D-65F7556123DE}.Release|x64.ActiveCfg = Release|Any CPU
		{03A98BF0-BEC8-4426-A68D-65F7556123DE}.Release|x64.Build.0 = Release|Any CPU
		{03A98BF0-BEC8-4426-A68D-65F7556123DE}.Release|x86.ActiveCfg = Release|Any CPU
		{03A98BF0-BEC8-4426-A68D-65F7556123DE}.Release|x86.Build.0 = Release|Any CPU
		{8069465B-B4C8-4BF6-8E62-727092436482}.Debug|Any CPU.ActiveCfg = Debug|Any CPU
		{8069465B-B4C8-4BF6-8E62-727092436482}.Debug|Any CPU.Build.0 = Debug|Any CPU
		{8069465B-B4C8-4BF6-8E62-727092436482}.Debug|x64.ActiveCfg = Debug|Any CPU
		{8069465B-B4C8-4BF6-8E62-727092436482}.Debug|x64.Build.0 = Debug|Any CPU
		{8069465B-B4C8-4BF6-8E62-727092436482}.Debug|x86.ActiveCfg = Debug|Any CPU
		{8069465B-B4C8-4BF6-8E62-727092436482}.Debug|x86.Build.0 = Debug|Any CPU
		{8069465B-B4C8-4BF6-8E62-727092436482}.Release|Any CPU.ActiveCfg = Release|Any CPU
		{8069465B-B4C8-4BF6-8E62-727092436482}.Release|Any CPU.Build.0 = Release|Any CPU
		{8069465B-B4C8-4BF6-8E62-727092436482}.Release|x64.ActiveCfg = Release|Any CPU
		{8069465B-B4C8-4BF6-8E62-727092436482}.Release|x64.Build.0 = Release|Any CPU
		{8069465B-B4C8-4BF6-8E62-727092436482}.Release|x86.ActiveCfg = Release|Any CPU
		{8069465B-B4C8-4BF6-8E62-727092436482}.Release|x86.Build.0 = Release|Any CPU
		{D4E21924-F8BE-4055-90E9-9E83A02AAF01}.Debug|Any CPU.ActiveCfg = Debug|Any CPU
		{D4E21924-F8BE-4055-90E9-9E83A02AAF01}.Debug|Any CPU.Build.0 = Debug|Any CPU
		{D4E21924-F8BE-4055-90E9-9E83A02AAF01}.Debug|x64.ActiveCfg = Debug|Any CPU
		{D4E21924-F8BE-4055-90E9-9E83A02AAF01}.Debug|x64.Build.0 = Debug|Any CPU
		{D4E21924-F8BE-4055-90E9-9E83A02AAF01}.Debug|x86.ActiveCfg = Debug|Any CPU
		{D4E21924-F8BE-4055-90E9-9E83A02AAF01}.Debug|x86.Build.0 = Debug|Any CPU
		{D4E21924-F8BE-4055-90E9-9E83A02AAF01}.Release|Any CPU.ActiveCfg = Release|Any CPU
		{D4E21924-F8BE-4055-90E9-9E83A02AAF01}.Release|Any CPU.Build.0 = Release|Any CPU
		{D4E21924-F8BE-4055-90E9-9E83A02AAF01}.Release|x64.ActiveCfg = Release|Any CPU
		{D4E21924-F8BE-4055-90E9-9E83A02AAF01}.Release|x64.Build.0 = Release|Any CPU
		{D4E21924-F8BE-4055-90E9-9E83A02AAF01}.Release|x86.ActiveCfg = Release|Any CPU
		{D4E21924-F8BE-4055-90E9-9E83A02AAF01}.Release|x86.Build.0 = Release|Any CPU
		{F8B160F2-FB9F-48F1-A059-ACD3D5F83157}.Debug|Any CPU.ActiveCfg = Debug|Any CPU
		{F8B160F2-FB9F-48F1-A059-ACD3D5F83157}.Debug|Any CPU.Build.0 = Debug|Any CPU
		{F8B160F2-FB9F-48F1-A059-ACD3D5F83157}.Debug|x64.ActiveCfg = Debug|Any CPU
		{F8B160F2-FB9F-48F1-A059-ACD3D5F83157}.Debug|x64.Build.0 = Debug|Any CPU
		{F8B160F2-FB9F-48F1-A059-ACD3D5F83157}.Debug|x86.ActiveCfg = Debug|Any CPU
		{F8B160F2-FB9F-48F1-A059-ACD3D5F83157}.Debug|x86.Build.0 = Debug|Any CPU
		{F8B160F2-FB9F-48F1-A059-ACD3D5F83157}.Release|Any CPU.ActiveCfg = Release|Any CPU
		{F8B160F2-FB9F-48F1-A059-ACD3D5F83157}.Release|Any CPU.Build.0 = Release|Any CPU
		{F8B160F2-FB9F-48F1-A059-ACD3D5F83157}.Release|x64.ActiveCfg = Release|Any CPU
		{F8B160F2-FB9F-48F1-A059-ACD3D5F83157}.Release|x64.Build.0 = Release|Any CPU
		{F8B160F2-FB9F-48F1-A059-ACD3D5F83157}.Release|x86.ActiveCfg = Release|Any CPU
		{F8B160F2-FB9F-48F1-A059-ACD3D5F83157}.Release|x86.Build.0 = Release|Any CPU
		{5E494A8C-D8C0-4BF0-A8D9-1F3C202E955B}.Debug|Any CPU.ActiveCfg = Debug|Any CPU
		{5E494A8C-D8C0-4BF0-A8D9-1F3C202E955B}.Debug|Any CPU.Build.0 = Debug|Any CPU
		{5E494A8C-D8C0-4BF0-A8D9-1F3C202E955B}.Debug|x64.ActiveCfg = Debug|Any CPU
		{5E494A8C-D8C0-4BF0-A8D9-1F3C202E955B}.Debug|x64.Build.0 = Debug|Any CPU
		{5E494A8C-D8C0-4BF0-A8D9-1F3C202E955B}.Debug|x86.ActiveCfg = Debug|Any CPU
		{5E494A8C-D8C0-4BF0-A8D9-1F3C202E955B}.Debug|x86.Build.0 = Debug|Any CPU
		{5E494A8C-D8C0-4BF0-A8D9-1F3C202E955B}.Release|Any CPU.ActiveCfg = Release|Any CPU
		{5E494A8C-D8C0-4BF0-A8D9-1F3C202E955B}.Release|Any CPU.Build.0 = Release|Any CPU
		{5E494A8C-D8C0-4BF0-A8D9-1F3C202E955B}.Release|x64.ActiveCfg = Release|Any CPU
		{5E494A8C-D8C0-4BF0-A8D9-1F3C202E955B}.Release|x64.Build.0 = Release|Any CPU
		{5E494A8C-D8C0-4BF0-A8D9-1F3C202E955B}.Release|x86.ActiveCfg = Release|Any CPU
		{5E494A8C-D8C0-4BF0-A8D9-1F3C202E955B}.Release|x86.Build.0 = Release|Any CPU
		{BF7EDC73-7B26-4350-BEB2-3EDEF1052A72}.Debug|Any CPU.ActiveCfg = Debug|Any CPU
		{BF7EDC73-7B26-4350-BEB2-3EDEF1052A72}.Debug|Any CPU.Build.0 = Debug|Any CPU
		{BF7EDC73-7B26-4350-BEB2-3EDEF1052A72}.Debug|x64.ActiveCfg = Debug|Any CPU
		{BF7EDC73-7B26-4350-BEB2-3EDEF1052A72}.Debug|x64.Build.0 = Debug|Any CPU
		{BF7EDC73-7B26-4350-BEB2-3EDEF1052A72}.Debug|x86.ActiveCfg = Debug|Any CPU
		{BF7EDC73-7B26-4350-BEB2-3EDEF1052A72}.Debug|x86.Build.0 = Debug|Any CPU
		{BF7EDC73-7B26-4350-BEB2-3EDEF1052A72}.Release|Any CPU.ActiveCfg = Release|Any CPU
		{BF7EDC73-7B26-4350-BEB2-3EDEF1052A72}.Release|Any CPU.Build.0 = Release|Any CPU
		{BF7EDC73-7B26-4350-BEB2-3EDEF1052A72}.Release|x64.ActiveCfg = Release|Any CPU
		{BF7EDC73-7B26-4350-BEB2-3EDEF1052A72}.Release|x64.Build.0 = Release|Any CPU
		{BF7EDC73-7B26-4350-BEB2-3EDEF1052A72}.Release|x86.ActiveCfg = Release|Any CPU
		{BF7EDC73-7B26-4350-BEB2-3EDEF1052A72}.Release|x86.Build.0 = Release|Any CPU
		{E9A149FC-5D1A-46E6-AE5D-28650AB1B3D2}.Debug|Any CPU.ActiveCfg = Debug|Any CPU
		{E9A149FC-5D1A-46E6-AE5D-28650AB1B3D2}.Debug|Any CPU.Build.0 = Debug|Any CPU
		{E9A149FC-5D1A-46E6-AE5D-28650AB1B3D2}.Debug|x64.ActiveCfg = Debug|Any CPU
		{E9A149FC-5D1A-46E6-AE5D-28650AB1B3D2}.Debug|x64.Build.0 = Debug|Any CPU
		{E9A149FC-5D1A-46E6-AE5D-28650AB1B3D2}.Debug|x86.ActiveCfg = Debug|Any CPU
		{E9A149FC-5D1A-46E6-AE5D-28650AB1B3D2}.Debug|x86.Build.0 = Debug|Any CPU
		{E9A149FC-5D1A-46E6-AE5D-28650AB1B3D2}.Release|Any CPU.ActiveCfg = Release|Any CPU
		{E9A149FC-5D1A-46E6-AE5D-28650AB1B3D2}.Release|Any CPU.Build.0 = Release|Any CPU
		{E9A149FC-5D1A-46E6-AE5D-28650AB1B3D2}.Release|x64.ActiveCfg = Release|Any CPU
		{E9A149FC-5D1A-46E6-AE5D-28650AB1B3D2}.Release|x64.Build.0 = Release|Any CPU
		{E9A149FC-5D1A-46E6-AE5D-28650AB1B3D2}.Release|x86.ActiveCfg = Release|Any CPU
		{E9A149FC-5D1A-46E6-AE5D-28650AB1B3D2}.Release|x86.Build.0 = Release|Any CPU
		{1B47B58B-43C6-407C-83D9-5CAC17C9D1AC}.Debug|Any CPU.ActiveCfg = Debug|Any CPU
		{1B47B58B-43C6-407C-83D9-5CAC17C9D1AC}.Debug|Any CPU.Build.0 = Debug|Any CPU
		{1B47B58B-43C6-407C-83D9-5CAC17C9D1AC}.Debug|x64.ActiveCfg = Debug|Any CPU
		{1B47B58B-43C6-407C-83D9-5CAC17C9D1AC}.Debug|x64.Build.0 = Debug|Any CPU
		{1B47B58B-43C6-407C-83D9-5CAC17C9D1AC}.Debug|x86.ActiveCfg = Debug|Any CPU
		{1B47B58B-43C6-407C-83D9-5CAC17C9D1AC}.Debug|x86.Build.0 = Debug|Any CPU
		{1B47B58B-43C6-407C-83D9-5CAC17C9D1AC}.Release|Any CPU.ActiveCfg = Release|Any CPU
		{1B47B58B-43C6-407C-83D9-5CAC17C9D1AC}.Release|Any CPU.Build.0 = Release|Any CPU
		{1B47B58B-43C6-407C-83D9-5CAC17C9D1AC}.Release|x64.ActiveCfg = Release|Any CPU
		{1B47B58B-43C6-407C-83D9-5CAC17C9D1AC}.Release|x64.Build.0 = Release|Any CPU
		{1B47B58B-43C6-407C-83D9-5CAC17C9D1AC}.Release|x86.ActiveCfg = Release|Any CPU
		{1B47B58B-43C6-407C-83D9-5CAC17C9D1AC}.Release|x86.Build.0 = Release|Any CPU
		{4D6CFEDB-5E00-410D-B9F2-199D7A98F19A}.Debug|Any CPU.ActiveCfg = Debug|Any CPU
		{4D6CFEDB-5E00-410D-B9F2-199D7A98F19A}.Debug|Any CPU.Build.0 = Debug|Any CPU
		{4D6CFEDB-5E00-410D-B9F2-199D7A98F19A}.Debug|x64.ActiveCfg = Debug|Any CPU
		{4D6CFEDB-5E00-410D-B9F2-199D7A98F19A}.Debug|x64.Build.0 = Debug|Any CPU
		{4D6CFEDB-5E00-410D-B9F2-199D7A98F19A}.Debug|x86.ActiveCfg = Debug|Any CPU
		{4D6CFEDB-5E00-410D-B9F2-199D7A98F19A}.Debug|x86.Build.0 = Debug|Any CPU
		{4D6CFEDB-5E00-410D-B9F2-199D7A98F19A}.Release|Any CPU.ActiveCfg = Release|Any CPU
		{4D6CFEDB-5E00-410D-B9F2-199D7A98F19A}.Release|Any CPU.Build.0 = Release|Any CPU
		{4D6CFEDB-5E00-410D-B9F2-199D7A98F19A}.Release|x64.ActiveCfg = Release|Any CPU
		{4D6CFEDB-5E00-410D-B9F2-199D7A98F19A}.Release|x64.Build.0 = Release|Any CPU
		{4D6CFEDB-5E00-410D-B9F2-199D7A98F19A}.Release|x86.ActiveCfg = Release|Any CPU
		{4D6CFEDB-5E00-410D-B9F2-199D7A98F19A}.Release|x86.Build.0 = Release|Any CPU
		{1E7F51E0-1AF8-446D-9A2A-410744680240}.Debug|Any CPU.ActiveCfg = Debug|Any CPU
		{1E7F51E0-1AF8-446D-9A2A-410744680240}.Debug|Any CPU.Build.0 = Debug|Any CPU
		{1E7F51E0-1AF8-446D-9A2A-410744680240}.Debug|x64.ActiveCfg = Debug|Any CPU
		{1E7F51E0-1AF8-446D-9A2A-410744680240}.Debug|x64.Build.0 = Debug|Any CPU
		{1E7F51E0-1AF8-446D-9A2A-410744680240}.Debug|x86.ActiveCfg = Debug|Any CPU
		{1E7F51E0-1AF8-446D-9A2A-410744680240}.Debug|x86.Build.0 = Debug|Any CPU
		{1E7F51E0-1AF8-446D-9A2A-410744680240}.Release|Any CPU.ActiveCfg = Release|Any CPU
		{1E7F51E0-1AF8-446D-9A2A-410744680240}.Release|Any CPU.Build.0 = Release|Any CPU
		{1E7F51E0-1AF8-446D-9A2A-410744680240}.Release|x64.ActiveCfg = Release|Any CPU
		{1E7F51E0-1AF8-446D-9A2A-410744680240}.Release|x64.Build.0 = Release|Any CPU
		{1E7F51E0-1AF8-446D-9A2A-410744680240}.Release|x86.ActiveCfg = Release|Any CPU
		{1E7F51E0-1AF8-446D-9A2A-410744680240}.Release|x86.Build.0 = Release|Any CPU
		{DE6A1EA7-8204-45E9-A061-024FCEA3A40A}.Debug|Any CPU.ActiveCfg = Debug|Any CPU
		{DE6A1EA7-8204-45E9-A061-024FCEA3A40A}.Debug|Any CPU.Build.0 = Debug|Any CPU
		{DE6A1EA7-8204-45E9-A061-024FCEA3A40A}.Debug|x64.ActiveCfg = Debug|Any CPU
		{DE6A1EA7-8204-45E9-A061-024FCEA3A40A}.Debug|x64.Build.0 = Debug|Any CPU
		{DE6A1EA7-8204-45E9-A061-024FCEA3A40A}.Debug|x86.ActiveCfg = Debug|Any CPU
		{DE6A1EA7-8204-45E9-A061-024FCEA3A40A}.Debug|x86.Build.0 = Debug|Any CPU
		{DE6A1EA7-8204-45E9-A061-024FCEA3A40A}.Release|Any CPU.ActiveCfg = Release|Any CPU
		{DE6A1EA7-8204-45E9-A061-024FCEA3A40A}.Release|Any CPU.Build.0 = Release|Any CPU
		{DE6A1EA7-8204-45E9-A061-024FCEA3A40A}.Release|x64.ActiveCfg = Release|Any CPU
		{DE6A1EA7-8204-45E9-A061-024FCEA3A40A}.Release|x64.Build.0 = Release|Any CPU
		{DE6A1EA7-8204-45E9-A061-024FCEA3A40A}.Release|x86.ActiveCfg = Release|Any CPU
		{DE6A1EA7-8204-45E9-A061-024FCEA3A40A}.Release|x86.Build.0 = Release|Any CPU
		{298E4E69-1D14-4D37-993F-4CAA4407ADB2}.Debug|Any CPU.ActiveCfg = Debug|Any CPU
		{298E4E69-1D14-4D37-993F-4CAA4407ADB2}.Debug|Any CPU.Build.0 = Debug|Any CPU
		{298E4E69-1D14-4D37-993F-4CAA4407ADB2}.Debug|x64.ActiveCfg = Debug|Any CPU
		{298E4E69-1D14-4D37-993F-4CAA4407ADB2}.Debug|x64.Build.0 = Debug|Any CPU
		{298E4E69-1D14-4D37-993F-4CAA4407ADB2}.Debug|x86.ActiveCfg = Debug|Any CPU
		{298E4E69-1D14-4D37-993F-4CAA4407ADB2}.Debug|x86.Build.0 = Debug|Any CPU
		{298E4E69-1D14-4D37-993F-4CAA4407ADB2}.Release|Any CPU.ActiveCfg = Release|Any CPU
		{298E4E69-1D14-4D37-993F-4CAA4407ADB2}.Release|Any CPU.Build.0 = Release|Any CPU
		{298E4E69-1D14-4D37-993F-4CAA4407ADB2}.Release|x64.ActiveCfg = Release|Any CPU
		{298E4E69-1D14-4D37-993F-4CAA4407ADB2}.Release|x64.Build.0 = Release|Any CPU
		{298E4E69-1D14-4D37-993F-4CAA4407ADB2}.Release|x86.ActiveCfg = Release|Any CPU
		{298E4E69-1D14-4D37-993F-4CAA4407ADB2}.Release|x86.Build.0 = Release|Any CPU
		{7AA446EF-D8AB-4CB6-A338-9634E40D2BF4}.Debug|Any CPU.ActiveCfg = Debug|Any CPU
		{7AA446EF-D8AB-4CB6-A338-9634E40D2BF4}.Debug|Any CPU.Build.0 = Debug|Any CPU
		{7AA446EF-D8AB-4CB6-A338-9634E40D2BF4}.Debug|x64.ActiveCfg = Debug|Any CPU
		{7AA446EF-D8AB-4CB6-A338-9634E40D2BF4}.Debug|x64.Build.0 = Debug|Any CPU
		{7AA446EF-D8AB-4CB6-A338-9634E40D2BF4}.Debug|x86.ActiveCfg = Debug|Any CPU
		{7AA446EF-D8AB-4CB6-A338-9634E40D2BF4}.Debug|x86.Build.0 = Debug|Any CPU
		{7AA446EF-D8AB-4CB6-A338-9634E40D2BF4}.Release|Any CPU.ActiveCfg = Release|Any CPU
		{7AA446EF-D8AB-4CB6-A338-9634E40D2BF4}.Release|Any CPU.Build.0 = Release|Any CPU
		{7AA446EF-D8AB-4CB6-A338-9634E40D2BF4}.Release|x64.ActiveCfg = Release|Any CPU
		{7AA446EF-D8AB-4CB6-A338-9634E40D2BF4}.Release|x64.Build.0 = Release|Any CPU
		{7AA446EF-D8AB-4CB6-A338-9634E40D2BF4}.Release|x86.ActiveCfg = Release|Any CPU
		{7AA446EF-D8AB-4CB6-A338-9634E40D2BF4}.Release|x86.Build.0 = Release|Any CPU
		{F1B75FC2-CAE2-4C03-B991-67166D7AD63C}.Debug|Any CPU.ActiveCfg = Debug|Any CPU
		{F1B75FC2-CAE2-4C03-B991-67166D7AD63C}.Debug|Any CPU.Build.0 = Debug|Any CPU
		{F1B75FC2-CAE2-4C03-B991-67166D7AD63C}.Debug|x64.ActiveCfg = Debug|Any CPU
		{F1B75FC2-CAE2-4C03-B991-67166D7AD63C}.Debug|x64.Build.0 = Debug|Any CPU
		{F1B75FC2-CAE2-4C03-B991-67166D7AD63C}.Debug|x86.ActiveCfg = Debug|Any CPU
		{F1B75FC2-CAE2-4C03-B991-67166D7AD63C}.Debug|x86.Build.0 = Debug|Any CPU
		{F1B75FC2-CAE2-4C03-B991-67166D7AD63C}.Release|Any CPU.ActiveCfg = Release|Any CPU
		{F1B75FC2-CAE2-4C03-B991-67166D7AD63C}.Release|Any CPU.Build.0 = Release|Any CPU
		{F1B75FC2-CAE2-4C03-B991-67166D7AD63C}.Release|x64.ActiveCfg = Release|Any CPU
		{F1B75FC2-CAE2-4C03-B991-67166D7AD63C}.Release|x64.Build.0 = Release|Any CPU
		{F1B75FC2-CAE2-4C03-B991-67166D7AD63C}.Release|x86.ActiveCfg = Release|Any CPU
		{F1B75FC2-CAE2-4C03-B991-67166D7AD63C}.Release|x86.Build.0 = Release|Any CPU
		{4804AAA6-59D7-43CE-B89F-02A51780BBF3}.Debug|Any CPU.ActiveCfg = Debug|Any CPU
		{4804AAA6-59D7-43CE-B89F-02A51780BBF3}.Debug|Any CPU.Build.0 = Debug|Any CPU
		{4804AAA6-59D7-43CE-B89F-02A51780BBF3}.Debug|x64.ActiveCfg = Debug|Any CPU
		{4804AAA6-59D7-43CE-B89F-02A51780BBF3}.Debug|x64.Build.0 = Debug|Any CPU
		{4804AAA6-59D7-43CE-B89F-02A51780BBF3}.Debug|x86.ActiveCfg = Debug|Any CPU
		{4804AAA6-59D7-43CE-B89F-02A51780BBF3}.Debug|x86.Build.0 = Debug|Any CPU
		{4804AAA6-59D7-43CE-B89F-02A51780BBF3}.Release|Any CPU.ActiveCfg = Release|Any CPU
		{4804AAA6-59D7-43CE-B89F-02A51780BBF3}.Release|Any CPU.Build.0 = Release|Any CPU
		{4804AAA6-59D7-43CE-B89F-02A51780BBF3}.Release|x64.ActiveCfg = Release|Any CPU
		{4804AAA6-59D7-43CE-B89F-02A51780BBF3}.Release|x64.Build.0 = Release|Any CPU
		{4804AAA6-59D7-43CE-B89F-02A51780BBF3}.Release|x86.ActiveCfg = Release|Any CPU
		{4804AAA6-59D7-43CE-B89F-02A51780BBF3}.Release|x86.Build.0 = Release|Any CPU
	EndGlobalSection
	GlobalSection(SolutionProperties) = preSolution
		HideSolutionNode = FALSE
	EndGlobalSection
	GlobalSection(NestedProjects) = preSolution
		{AD650561-62AC-4AA9-8A05-2B421DE5DAFB} = {4F52FD11-658E-A102-6CD3-7D7C16FFA15B}
		{67B13290-14BF-4D6D-ABCB-8719D5B19E5C} = {E7BDDBC6-9FD1-D1D7-ACD8-2C4F8E3D2461}
		{357A7C97-5AE1-023F-1442-0D9F9AF22A31} = {5854FF58-B8C5-05C6-5BF2-ACE42193F22B}
		{927A32F1-4067-45E3-BB57-754761F4DA0C} = {357A7C97-5AE1-023F-1442-0D9F9AF22A31}
		{83F000AF-9676-41EA-9DBA-DC028D398E75} = {357A7C97-5AE1-023F-1442-0D9F9AF22A31}
		{03A89138-AD6C-4BC0-A52D-0A51E40AAAB7} = {357A7C97-5AE1-023F-1442-0D9F9AF22A31}
		{944ACC7E-4FFC-A2A2-09E1-98A62C66F8DB} = {5854FF58-B8C5-05C6-5BF2-ACE42193F22B}
		{8D47D7FB-9A6E-4BEC-99B0-1EC39C485AE1} = {944ACC7E-4FFC-A2A2-09E1-98A62C66F8DB}
		{03A98BF0-BEC8-4426-A68D-65F7556123DE} = {944ACC7E-4FFC-A2A2-09E1-98A62C66F8DB}
		{8069465B-B4C8-4BF6-8E62-727092436482} = {944ACC7E-4FFC-A2A2-09E1-98A62C66F8DB}
		{0081C3F1-621F-F4E6-8632-0AA1DA258655} = {5854FF58-B8C5-05C6-5BF2-ACE42193F22B}
		{D4E21924-F8BE-4055-90E9-9E83A02AAF01} = {0081C3F1-621F-F4E6-8632-0AA1DA258655}
		{F8B160F2-FB9F-48F1-A059-ACD3D5F83157} = {0081C3F1-621F-F4E6-8632-0AA1DA258655}
		{5E494A8C-D8C0-4BF0-A8D9-1F3C202E955B} = {0081C3F1-621F-F4E6-8632-0AA1DA258655}
		{714CC2AF-245C-D6B1-E117-A1157E62AF44} = {5854FF58-B8C5-05C6-5BF2-ACE42193F22B}
		{BF7EDC73-7B26-4350-BEB2-3EDEF1052A72} = {714CC2AF-245C-D6B1-E117-A1157E62AF44}
		{E9A149FC-5D1A-46E6-AE5D-28650AB1B3D2} = {714CC2AF-245C-D6B1-E117-A1157E62AF44}
		{1B47B58B-43C6-407C-83D9-5CAC17C9D1AC} = {714CC2AF-245C-D6B1-E117-A1157E62AF44}
		{EDF976B3-B1D5-9C5C-314D-F965FB2448D0} = {5854FF58-B8C5-05C6-5BF2-ACE42193F22B}
		{4D6CFEDB-5E00-410D-B9F2-199D7A98F19A} = {EDF976B3-B1D5-9C5C-314D-F965FB2448D0}
		{C4794DE3-98CA-3876-D0DB-BBB1AAFCC8EF} = {5854FF58-B8C5-05C6-5BF2-ACE42193F22B}
		{1E7F51E0-1AF8-446D-9A2A-410744680240} = {C4794DE3-98CA-3876-D0DB-BBB1AAFCC8EF}
		{DE6A1EA7-8204-45E9-A061-024FCEA3A40A} = {4F52FD11-658E-A102-6CD3-7D7C16FFA15B}
		{298E4E69-1D14-4D37-993F-4CAA4407ADB2} = {0AB3BF05-4346-4AA6-1389-037BE0695223}
		{7AA446EF-D8AB-4CB6-A338-9634E40D2BF4} = {0AB3BF05-4346-4AA6-1389-037BE0695223}
		{F1B75FC2-CAE2-4C03-B991-67166D7AD63C} = {0AB3BF05-4346-4AA6-1389-037BE0695223}
		{4804AAA6-59D7-43CE-B89F-02A51780BBF3} = {4F52FD11-658E-A102-6CD3-7D7C16FFA15B}
	EndGlobalSection
EndGlobal
